{
  "version": 4,
  "terraform_version": "1.12.2",
  "serial": 144,
  "lineage": "1bf944d0-ab8e-6c1e-d36c-4da1acad0672",
  "outputs": {},
  "resources": [
    {
      "mode": "data",
      "type": "template_file",
      "name": "cloudinit",
      "provider": "provider[\"registry.terraform.io/hashicorp/template\"]",
      "instances": [
        {
          "schema_version": 0,
          "attributes": {
            "filename": null,
            "id": "4f296b505b4d1e94668f7316cf62a4b98bf332493719e7865b54a8e2dead6f38",
            "rendered": "#cloud-config\npackage_update: true\npackage_upgrade: true\n\npackages:\n  - curl\n  - docker.io\n  - docker-compose\n  - git\n\nruncmd:\n  # Ajout de l'utilisateur au groupe docker (optionnel)\n  - usermod -aG docker $USER || true\n\n  # Activation et démarrage de Docker\n  - systemctl enable docker\n  - systemctl start docker\n\n  # Installation de Docker Compose à jour\n  - curl -L \"https://github.com/docker/compose/releases/download/v2.18.1/docker-compose-$(uname -s)-$(uname -m)\" -o /usr/local/bin/docker-compose\n  - chmod +x /usr/local/bin/docker-compose\n\n",
            "template": "#cloud-config\npackage_update: true\npackage_upgrade: true\n\npackages:\n  - curl\n  - docker.io\n  - docker-compose\n  - git\n\nruncmd:\n  # Ajout de l'utilisateur au groupe docker (optionnel)\n  - usermod -aG docker $USER || true\n\n  # Activation et démarrage de Docker\n  - systemctl enable docker\n  - systemctl start docker\n\n  # Installation de Docker Compose à jour\n  - curl -L \"https://github.com/docker/compose/releases/download/v2.18.1/docker-compose-$(uname -s)-$(uname -m)\" -o /usr/local/bin/docker-compose\n  - chmod +x /usr/local/bin/docker-compose\n\n",
            "vars": {
              "ssh_key": "ssh-ed25519 AAAAC3NzaC1lZDI1NTE5AAAAIOwWQJmhPHsa9f6ij43Cuptf3tHYUHNLfK3p5VGjhAME mandrindr@gmail.com\n"
            }
          },
          "sensitive_attributes": [],
          "identity_schema_version": 0
        }
      ]
    },
    {
      "mode": "managed",
      "type": "hcloud_server",
      "name": "web",
      "provider": "provider[\"registry.terraform.io/hetznercloud/hcloud\"]",
      "instances": [
        {
          "schema_version": 0,
          "attributes": {
            "allow_deprecated_images": false,
            "backup_window": "",
            "backups": false,
            "datacenter": "nbg1-dc3",
            "delete_protection": false,
            "firewall_ids": [],
            "id": "105346093",
            "ignore_remote_firewall_ids": false,
            "image": "ubuntu-22.04",
            "ipv4_address": "78.47.119.84",
            "ipv6_address": "2a01:4f8:1c1c:c8e0::1",
            "ipv6_network": "2a01:4f8:1c1c:c8e0::/64",
            "iso": null,
            "keep_disk": false,
            "labels": null,
            "location": "nbg1",
            "name": "srvharbor",
            "network": [],
            "placement_group_id": 0,
            "primary_disk_size": 40,
            "public_net": [],
            "rebuild_protection": false,
            "rescue": null,
            "server_type": "cpx11",
            "shutdown_before_deletion": false,
            "ssh_keys": [
              "100554351"
            ],
            "status": "running",
            "timeouts": null,
            "user_data": "e2GmIugb4dScLFC+wBbV2rDLbFo="
          },
          "sensitive_attributes": [],
          "identity_schema_version": 0,
          "private": "eyJlMmJmYjczMC1lY2FhLTExZTYtOGY4OC0zNDM2M2JjN2M0YzAiOnsiY3JlYXRlIjo1NDAwMDAwMDAwMDAwfX0=",
          "dependencies": [
            "hcloud_ssh_key.default"
          ]
        }
      ]
    },
    {
      "mode": "managed",
      "type": "hcloud_ssh_key",
      "name": "default",
      "provider": "provider[\"registry.terraform.io/hetznercloud/hcloud\"]",
      "instances": [
        {
          "schema_version": 0,
          "attributes": {
            "fingerprint": "da:26:8a:3e:81:88:6c:ce:0f:e4:7d:5c:83:81:04:3c",
            "id": "100554351",
            "labels": {},
            "name": "my-ssh-key",
            "public_key": "ssh-ed25519 AAAAC3NzaC1lZDI1NTE5AAAAIOwWQJmhPHsa9f6ij43Cuptf3tHYUHNLfK3p5VGjhAME mandrindr@gmail.com\n"
          },
          "sensitive_attributes": [],
          "identity_schema_version": 0
        }
      ]
    }
  ],
  "check_results": null
}
